
Microsoft Visual Studio Solution File, Format Version 12.00
# Visual Studio 15
VisualStudioVersion = 15.0.28010.2046
MinimumVisualStudioVersion = 10.0.40219.1
Project("{8BC9CEB8-8B4A-11D0-8D11-00A0C91BC942}") = "S2T3", "S2T3\S2T3.vcxproj", "{A45DB9E4-E9C3-4CB5-BC37-7058D9C8752B}"
EndProject
Global
	GlobalSection(SolutionConfigurationPlatforms) = preSolution
		Debug|x64 = Debug|x64
		Debug|x86 = Debug|x86
		Release|x64 = Release|x64
		Release|x86 = Release|x86
	EndGlobalSection
	GlobalSection(ProjectConfigurationPlatforms) = postSolution
		{A45DB9E4-E9C3-4CB5-BC37-7058D9C8752B}.Debug|x64.ActiveCfg = Debug|x64
		{A45DB9E4-E9C3-4CB5-BC37-7058D9C8752B}.Debug|x64.Build.0 = Debug|x64
		{A45DB9E4-E9C3-4CB5-BC37-7058D9C8752B}.Debug|x86.ActiveCfg = Debug|Win32
		{A45DB9E4-E9C3-4CB5-BC37-7058D9C8752B}.Debug|x86.Build.0 = Debug|Win32
		{A45DB9E4-E9C3-4CB5-BC37-7058D9C8752B}.Release|x64.ActiveCfg = Release|x64
		{A45DB9E4-E9C3-4CB5-BC37-7058D9C8752B}.Release|x64.Build.0 = Release|x64
		{A45DB9E4-E9C3-4CB5-BC37-7058D9C8752B}.Release|x86.ActiveCfg = Release|Win32
		{A45DB9E4-E9C3-4CB5-BC37-7058D9C8752B}.Release|x86.Build.0 = Release|Win32
	EndGlobalSection
	GlobalSection(SolutionProperties) = preSolution
		HideSolutionNode = FALSE
	EndGlobalSection
	GlobalSection(ExtensibilityGlobals) = postSolution
		SolutionGuid = {4538638A-657A-4578-AEA9-847BC076270A}
	EndGlobalSection
EndGlobal
